
Microsoft Visual Studio Solution File, Format Version 12.00
# Visual Studio 2017
Project("{FAE04EC0-301F-11D3-BF4B-00C04F79EFBC}") = "Holoboard", "Holoboard.csproj", "{5D615659-C33E-D85C-1F39-C90095D04CF6}"
EndProject
Project("{FAE04EC0-301F-11D3-BF4B-00C04F79EFBC}") = "Holoboard.Editor", "Holoboard.Editor.csproj", "{850C3120-F0F3-0ABC-E3FD-455FE71E9B5A}"
EndProject
Global
	GlobalSection(SolutionConfigurationPlatforms) = preSolution
		Debug|Any CPU = Debug|Any CPU
		Release|Any CPU = Release|Any CPU
	EndGlobalSection
	GlobalSection(ProjectConfigurationPlatforms) = postSolution
		{5D615659-C33E-D85C-1F39-C90095D04CF6}.Debug|Any CPU.ActiveCfg = Debug|Any CPU
		{5D615659-C33E-D85C-1F39-C90095D04CF6}.Debug|Any CPU.Build.0 = Debug|Any CPU
		{5D615659-C33E-D85C-1F39-C90095D04CF6}.Release|Any CPU.ActiveCfg = Release|Any CPU
		{5D615659-C33E-D85C-1F39-C90095D04CF6}.Release|Any CPU.Build.0 = Release|Any CPU
		{850C3120-F0F3-0ABC-E3FD-455FE71E9B5A}.Debug|Any CPU.ActiveCfg = Debug|Any CPU
		{850C3120-F0F3-0ABC-E3FD-455FE71E9B5A}.Debug|Any CPU.Build.0 = Debug|Any CPU
		{850C3120-F0F3-0ABC-E3FD-455FE71E9B5A}.Release|Any CPU.ActiveCfg = Release|Any CPU
		{850C3120-F0F3-0ABC-E3FD-455FE71E9B5A}.Release|Any CPU.Build.0 = Release|Any CPU
	EndGlobalSection
	GlobalSection(SolutionProperties) = preSolution
		HideSolutionNode = FALSE
	EndGlobalSection
EndGlobal
