
Microsoft Visual Studio Solution File, Format Version 11.00
# Visual Studio 2010
Project("{FAE04EC0-301F-11D3-BF4B-00C04F79EFBC}") = "Holo", "Assembly-CSharp.csproj", "{26873539-0EF9-A7D3-191C-C986D3B5BEFF}"
EndProject
Project("{FAE04EC0-301F-11D3-BF4B-00C04F79EFBC}") = "Holo", "Assembly-CSharp-Editor.csproj", "{37887150-6D58-77E0-9403-56736E616E53}"
EndProject
Global
	GlobalSection(SolutionConfigurationPlatforms) = preSolution
		Debug|Any CPU = Debug|Any CPU
		Release|Any CPU = Release|Any CPU
	EndGlobalSection
	GlobalSection(ProjectConfigurationPlatforms) = postSolution
		{26873539-0EF9-A7D3-191C-C986D3B5BEFF}.Debug|Any CPU.ActiveCfg = Debug|Any CPU
		{26873539-0EF9-A7D3-191C-C986D3B5BEFF}.Debug|Any CPU.Build.0 = Debug|Any CPU
		{26873539-0EF9-A7D3-191C-C986D3B5BEFF}.Release|Any CPU.ActiveCfg = Release|Any CPU
		{26873539-0EF9-A7D3-191C-C986D3B5BEFF}.Release|Any CPU.Build.0 = Release|Any CPU
		{37887150-6D58-77E0-9403-56736E616E53}.Debug|Any CPU.ActiveCfg = Debug|Any CPU
		{37887150-6D58-77E0-9403-56736E616E53}.Debug|Any CPU.Build.0 = Debug|Any CPU
		{37887150-6D58-77E0-9403-56736E616E53}.Release|Any CPU.ActiveCfg = Release|Any CPU
		{37887150-6D58-77E0-9403-56736E616E53}.Release|Any CPU.Build.0 = Release|Any CPU
	EndGlobalSection
	GlobalSection(SolutionProperties) = preSolution
		HideSolutionNode = FALSE
	EndGlobalSection
	GlobalSection(MonoDevelopProperties) = preSolution
		StartupItem = Assembly-CSharp.csproj
	EndGlobalSection
EndGlobal
